
Microsoft Visual Studio Solution File, Format Version 12.00
# Visual Studio Version 17
VisualStudioVersion = 17.4.33213.308
MinimumVisualStudioVersion = 10.0.40219.1
Project("{F184B08F-C81C-45F6-A57F-5ABD9991F28F}") = "BurgerForm", "BurgerForm\BurgerForm.vbproj", "{C381A0B0-3578-429C-8FF7-FFFC0009AD80}"
EndProject
Global
	GlobalSection(SolutionConfigurationPlatforms) = preSolution
		Debug|Any CPU = Debug|Any CPU
		Release|Any CPU = Release|Any CPU
	EndGlobalSection
	GlobalSection(ProjectConfigurationPlatforms) = postSolution
		{C381A0B0-3578-429C-8FF7-FFFC0009AD80}.Debug|Any CPU.ActiveCfg = Debug|Any CPU
		{C381A0B0-3578-429C-8FF7-FFFC0009AD80}.Debug|Any CPU.Build.0 = Debug|Any CPU
		{C381A0B0-3578-429C-8FF7-FFFC0009AD80}.Release|Any CPU.ActiveCfg = Release|Any CPU
		{C381A0B0-3578-429C-8FF7-FFFC0009AD80}.Release|Any CPU.Build.0 = Release|Any CPU
	EndGlobalSection
	GlobalSection(SolutionProperties) = preSolution
		HideSolutionNode = FALSE
	EndGlobalSection
	GlobalSection(ExtensibilityGlobals) = postSolution
		SolutionGuid = {774C42C1-DBC5-4C49-B485-44D873DFE45C}
	EndGlobalSection
EndGlobal
